
Microsoft Visual Studio Solution File, Format Version 12.00
# Visual Studio 14
VisualStudioVersion = 14.0.25123.0
MinimumVisualStudioVersion = 10.0.40219.1
Project("{FAE04EC0-301F-11D3-BF4B-00C04F79EFBC}") = "Host", "Host\Host.csproj", "{5AB500E7-C7D5-4417-9273-811A8E5BFE22}"
EndProject
Project("{FAE04EC0-301F-11D3-BF4B-00C04F79EFBC}") = "GrainInterfaces", "GrainInterfaces\GrainInterfaces.csproj", "{F4835B1B-0389-4DC3-AF04-E04534B5CD61}"
EndProject
Project("{FAE04EC0-301F-11D3-BF4B-00C04F79EFBC}") = "GrainCollection", "GrainCollection\GrainCollection.csproj", "{5363B872-087B-411D-AF1A-71540C068171}"
EndProject
Project("{FAE04EC0-301F-11D3-BF4B-00C04F79EFBC}") = "Client", "Client\Client.csproj", "{013BFF66-E9B0-4B84-BDE6-F41C60DC77CB}"
EndProject
Project("{FAE04EC0-301F-11D3-BF4B-00C04F79EFBC}") = "SiloHost1", "SiloHost1\SiloHost1.csproj", "{BAB960AA-1910-46BA-8DF7-C3778192227F}"
EndProject
Project("{FAE04EC0-301F-11D3-BF4B-00C04F79EFBC}") = "ServerTest", "ServerTest\ServerTest.csproj", "{1FB29B21-BFEA-46A6-BB9D-2B053028E99F}"
EndProject
Global
	GlobalSection(SolutionConfigurationPlatforms) = preSolution
		Debug|Any CPU = Debug|Any CPU
		Release|Any CPU = Release|Any CPU
	EndGlobalSection
	GlobalSection(ProjectConfigurationPlatforms) = postSolution
		{5AB500E7-C7D5-4417-9273-811A8E5BFE22}.Debug|Any CPU.ActiveCfg = Debug|Any CPU
		{5AB500E7-C7D5-4417-9273-811A8E5BFE22}.Debug|Any CPU.Build.0 = Debug|Any CPU
		{5AB500E7-C7D5-4417-9273-811A8E5BFE22}.Release|Any CPU.ActiveCfg = Release|Any CPU
		{5AB500E7-C7D5-4417-9273-811A8E5BFE22}.Release|Any CPU.Build.0 = Release|Any CPU
		{F4835B1B-0389-4DC3-AF04-E04534B5CD61}.Debug|Any CPU.ActiveCfg = Debug|Any CPU
		{F4835B1B-0389-4DC3-AF04-E04534B5CD61}.Debug|Any CPU.Build.0 = Debug|Any CPU
		{F4835B1B-0389-4DC3-AF04-E04534B5CD61}.Release|Any CPU.ActiveCfg = Release|Any CPU
		{F4835B1B-0389-4DC3-AF04-E04534B5CD61}.Release|Any CPU.Build.0 = Release|Any CPU
		{5363B872-087B-411D-AF1A-71540C068171}.Debug|Any CPU.ActiveCfg = Debug|Any CPU
		{5363B872-087B-411D-AF1A-71540C068171}.Debug|Any CPU.Build.0 = Debug|Any CPU
		{5363B872-087B-411D-AF1A-71540C068171}.Release|Any CPU.ActiveCfg = Release|Any CPU
		{5363B872-087B-411D-AF1A-71540C068171}.Release|Any CPU.Build.0 = Release|Any CPU
		{013BFF66-E9B0-4B84-BDE6-F41C60DC77CB}.Debug|Any CPU.ActiveCfg = Debug|Any CPU
		{013BFF66-E9B0-4B84-BDE6-F41C60DC77CB}.Debug|Any CPU.Build.0 = Debug|Any CPU
		{013BFF66-E9B0-4B84-BDE6-F41C60DC77CB}.Release|Any CPU.ActiveCfg = Release|Any CPU
		{013BFF66-E9B0-4B84-BDE6-F41C60DC77CB}.Release|Any CPU.Build.0 = Release|Any CPU
		{BAB960AA-1910-46BA-8DF7-C3778192227F}.Debug|Any CPU.ActiveCfg = Debug|Any CPU
		{BAB960AA-1910-46BA-8DF7-C3778192227F}.Debug|Any CPU.Build.0 = Debug|Any CPU
		{BAB960AA-1910-46BA-8DF7-C3778192227F}.Release|Any CPU.ActiveCfg = Release|Any CPU
		{BAB960AA-1910-46BA-8DF7-C3778192227F}.Release|Any CPU.Build.0 = Release|Any CPU
		{1FB29B21-BFEA-46A6-BB9D-2B053028E99F}.Debug|Any CPU.ActiveCfg = Debug|Any CPU
		{1FB29B21-BFEA-46A6-BB9D-2B053028E99F}.Debug|Any CPU.Build.0 = Debug|Any CPU
		{1FB29B21-BFEA-46A6-BB9D-2B053028E99F}.Release|Any CPU.ActiveCfg = Release|Any CPU
		{1FB29B21-BFEA-46A6-BB9D-2B053028E99F}.Release|Any CPU.Build.0 = Release|Any CPU
	EndGlobalSection
	GlobalSection(SolutionProperties) = preSolution
		HideSolutionNode = FALSE
	EndGlobalSection
EndGlobal
